
Microsoft Visual Studio Solution File, Format Version 12.00
# Visual Studio Version 17
VisualStudioVersion = 17.9.34728.123
MinimumVisualStudioVersion = 10.0.40219.1
Project("{FAE04EC0-301F-11D3-BF4B-00C04F79EFBC}") = "Assignment3.1.1", "Assignment3.1.1\Assignment3.1.1.csproj", "{ABEB6411-58C2-478E-9545-3EE86DC36D2D}"
EndProject
Global
	GlobalSection(SolutionConfigurationPlatforms) = preSolution
		Debug|Any CPU = Debug|Any CPU
		Release|Any CPU = Release|Any CPU
	EndGlobalSection
	GlobalSection(ProjectConfigurationPlatforms) = postSolution
		{ABEB6411-58C2-478E-9545-3EE86DC36D2D}.Debug|Any CPU.ActiveCfg = Debug|Any CPU
		{ABEB6411-58C2-478E-9545-3EE86DC36D2D}.Debug|Any CPU.Build.0 = Debug|Any CPU
		{ABEB6411-58C2-478E-9545-3EE86DC36D2D}.Release|Any CPU.ActiveCfg = Release|Any CPU
		{ABEB6411-58C2-478E-9545-3EE86DC36D2D}.Release|Any CPU.Build.0 = Release|Any CPU
	EndGlobalSection
	GlobalSection(SolutionProperties) = preSolution
		HideSolutionNode = FALSE
	EndGlobalSection
	GlobalSection(ExtensibilityGlobals) = postSolution
		SolutionGuid = {0E4B7E47-7F8C-4DD2-AF30-F02594EE9DEB}
	EndGlobalSection
EndGlobal
